Microsoft Visual Studio Solution File, Format Version 12.00
# Visual Studio Version 17
VisualStudioVersion = 17.5.2.0
MinimumVisualStudioVersion = 10.0.40219.1
Project("{FAE04EC0-301F-11D3-BF4B-00C04F79EFBC}") = "Semana18_Actividad1_Le", "Semana18_Actividad1_Le.csproj", "{370207DB-4946-2166-48F8-3E3374FA53CF}"
EndProject
Global
	GlobalSection(SolutionConfigurationPlatforms) = preSolution
		Debug|Any CPU = Debug|Any CPU
		Release|Any CPU = Release|Any CPU
	EndGlobalSection
	GlobalSection(ProjectConfigurationPlatforms) = postSolution
		{370207DB-4946-2166-48F8-3E3374FA53CF}.Debug|Any CPU.ActiveCfg = Debug|Any CPU
		{370207DB-4946-2166-48F8-3E3374FA53CF}.Debug|Any CPU.Build.0 = Debug|Any CPU
		{370207DB-4946-2166-48F8-3E3374FA53CF}.Release|Any CPU.ActiveCfg = Release|Any CPU
		{370207DB-4946-2166-48F8-3E3374FA53CF}.Release|Any CPU.Build.0 = Release|Any CPU
	EndGlobalSection
	GlobalSection(SolutionProperties) = preSolution
		HideSolutionNode = FALSE
	EndGlobalSection
	GlobalSection(ExtensibilityGlobals) = postSolution
		SolutionGuid = {0F0EA99C-901F-491B-9369-5EB18FCE46DF}
	EndGlobalSection
EndGlobal
